// !$*UTF8*$!
{
	archiveVersion = 1;
	classes = {
	};
	objectVersion = 55;
	objects = {

/* Begin PBXBuildFile section */
		AE3EF2B7272854B10060FFD4 /* FavouriteThingsListView.swift in Sources */ = {isa = PBXBuildFile; fileRef = AE3EF2B6272854B10060FFD4 /* FavouriteThingsListView.swift */; };
		AEE1D0932721EF3200095EDB /* FavouriteThingsApp.swift in Sources */ = {isa = PBXBuildFile; fileRef = AEE1D0922721EF3200095EDB /* FavouriteThingsApp.swift */; };
		AEE1D0952721EF3200095EDB /* ContentView.swift in Sources */ = {isa = PBXBuildFile; fileRef = AEE1D0942721EF3200095EDB /* ContentView.swift */; };
		AEE1D0972721EF3300095EDB /* Assets.xcassets in Resources */ = {isa = PBXBuildFile; fileRef = AEE1D0962721EF3300095EDB /* Assets.xcassets */; };
		AEE1D09A2721EF3300095EDB /* Preview Assets.xcassets in Resources */ = {isa = PBXBuildFile; fileRef = AEE1D0992721EF3300095EDB /* Preview Assets.xcassets */; };
		AEE1D0A12721F4AB00095EDB /* RealMadridView.swift in Sources */ = {isa = PBXBuildFile; fileRef = AEE1D0A02721F4AB00095EDB /* RealMadridView.swift */; };
		AEE1D0A32721F5CC00095EDB /* PizzaView.swift in Sources */ = {isa = PBXBuildFile; fileRef = AEE1D0A22721F5CC00095EDB /* PizzaView.swift */; };
/* End PBXBuildFile section */

/* Begin PBXFileReference section */
		AE3EF2B6272854B10060FFD4 /* FavouriteThingsListView.swift */ = {isa = PBXFileReference; lastKnownFileType = sourcecode.swift; path = FavouriteThingsListView.swift; sourceTree = "<group>"; };
		AEE1D08F2721EF3200095EDB /* FavouriteThings.app */ = {isa = PBXFileReference; explicitFileType = wrapper.application; includeInIndex = 0; path = FavouriteThings.app; sourceTree = BUILT_PRODUCTS_DIR; };
		AEE1D0922721EF3200095EDB /* FavouriteThingsApp.swift */ = {isa = PBXFileReference; lastKnownFileType = sourcecode.swift; path = FavouriteThingsApp.swift; sourceTree = "<group>"; };
		AEE1D0942721EF3200095EDB /* ContentView.swift */ = {isa = PBXFileReference; lastKnownFileType = sourcecode.swift; path = ContentView.swift; sourceTree = "<group>"; };
		AEE1D0962721EF3300095EDB /* Assets.xcassets */ = {isa = PBXFileReference; lastKnownFileType = folder.assetcatalog; path = Assets.xcassets; sourceTree = "<group>"; };
		AEE1D0992721EF3300095EDB /* Preview Assets.xcassets */ = {isa = PBXFileReference; lastKnownFileType = folder.assetcatalog; path = "Preview Assets.xcassets"; sourceTree = "<group>"; };
		AEE1D0A02721F4AB00095EDB /* RealMadridView.swift */ = {isa = PBXFileReference; lastKnownFileType = sourcecode.swift; path = RealMadridView.swift; sourceTree = "<group>"; };
		AEE1D0A22721F5CC00095EDB /* PizzaView.swift */ = {isa = PBXFileReference; lastKnownFileType = sourcecode.swift; path = PizzaView.swift; sourceTree = "<group>"; };
/* End PBXFileReference section */

/* Begin PBXFrameworksBuildPhase section */
		AEE1D08C2721EF3200095EDB /* Frameworks */ = {
			isa = PBXFrameworksBuildPhase;
			buildActionMask = 2147483647;
			files = (
			);
			runOnlyForDeploymentPostprocessing = 0;
		};
/* End PBXFrameworksBuildPhase section */

/* Begin PBXGroup section */
		AE3EF2B527284FA10060FFD4 /* Views */ = {
			isa = PBXGroup;
			children = (
				AEE1D0942721EF3200095EDB /* ContentView.swift */,
				AEE1D0A02721F4AB00095EDB /* RealMadridView.swift */,
				AEE1D0A22721F5CC00095EDB /* PizzaView.swift */,
				AE3EF2B6272854B10060FFD4 /* FavouriteThingsListView.swift */,
			);
			path = Views;
			sourceTree = "<group>";
		};
		AEE1D0862721EF3200095EDB = {
			isa = PBXGroup;
			children = (
				AEE1D0912721EF3200095EDB /* FavouriteThings */,
				AEE1D0902721EF3200095EDB /* Products */,
			);
			sourceTree = "<group>";
		};
		AEE1D0902721EF3200095EDB /* Products */ = {
			isa = PBXGroup;
			children = (
				AEE1D08F2721EF3200095EDB /* FavouriteThings.app */,
			);
			name = Products;
			sourceTree = "<group>";
		};
		AEE1D0912721EF3200095EDB /* FavouriteThings */ = {
			isa = PBXGroup;
			children = (
				AEE1D0922721EF3200095EDB /* FavouriteThingsApp.swift */,
				AE3EF2B527284FA10060FFD4 /* Views */,
				AEE1D0962721EF3300095EDB /* Assets.xcassets */,
				AEE1D0982721EF3300095EDB /* Preview Content */,
			);
			path = FavouriteThings;
			sourceTree = "<group>";
		};
		AEE1D0982721EF3300095EDB /* Preview Content */ = {
			isa = PBXGroup;
			children = (
				AEE1D0992721EF3300095EDB /* Preview Assets.xcassets */,
			);
			path = "Preview Content";
			sourceTree = "<group>";
		};
/* End PBXGroup section */

/* Begin PBXNativeTarget section */
		AEE1D08E2721EF3200095EDB /* FavouriteThings */ = {
			isa = PBXNativeTarget;
			buildConfigurationList = AEE1D09D2721EF3300095EDB /* Build configuration list for PBXNativeTarget "FavouriteThings" */;
			buildPhases = (
				AEE1D08B2721EF3200095EDB /* Sources */,
				AEE1D08C2721EF3200095EDB /* Frameworks */,
				AEE1D08D2721EF3200095EDB /* Resources */,
			);
			buildRules = (
			);
			dependencies = (
			);
			name = FavouriteThings;
			productName = FavouriteThings;
			productReference = AEE1D08F2721EF3200095EDB /* FavouriteThings.app */;
			productType = "com.apple.product-type.application";
		};
/* End PBXNativeTarget section */

/* Begin PBXProject section */
		AEE1D0872721EF3200095EDB /* Project object */ = {
			isa = PBXProject;
			attributes = {
				BuildIndependentTargetsInParallel = 1;
				LastSwiftUpdateCheck = 1300;
				LastUpgradeCheck = 1300;
				TargetAttributes = {
					AEE1D08E2721EF3200095EDB = {
						CreatedOnToolsVersion = 13.0;
					};
				};
			};
			buildConfigurationList = AEE1D08A2721EF3200095EDB /* Build configuration list for PBXProject "FavouriteThings" */;
			compatibilityVersion = "Xcode 13.0";
			developmentRegion = en;
			hasScannedForEncodings = 0;
			knownRegions = (
				en,
				Base,
			);
			mainGroup = AEE1D0862721EF3200095EDB;
			productRefGroup = AEE1D0902721EF3200095EDB /* Products */;
			projectDirPath = "";
			projectRoot = "";
			targets = (
				AEE1D08E2721EF3200095EDB /* FavouriteThings */,
			);
		};
/* End PBXProject section */

/* Begin PBXResourcesBuildPhase section */
		AEE1D08D2721EF3200095EDB /* Resources */ = {
			isa = PBXResourcesBuildPhase;
			buildActionMask = 2147483647;
			files = (
				AEE1D09A2721EF3300095EDB /* Preview Assets.xcassets in Resources */,
				AEE1D0972721EF3300095EDB /* Assets.xcassets in Resources */,
			);
			runOnlyForDeploymentPostprocessing = 0;
		};
/* End PBXResourcesBuildPhase section */

/* Begin PBXSourcesBuildPhase section */
		AEE1D08B2721EF3200095EDB /* Sources */ = {
			isa = PBXSourcesBuildPhase;
			buildActionMask = 2147483647;
			files = (
				AEE1D0A12721F4AB00095EDB /* RealMadridView.swift in Sources */,
				AEE1D0952721EF3200095EDB /* ContentView.swift in Sources */,
				AE3EF2B7272854B10060FFD4 /* FavouriteThingsListView.swift in Sources */,
				AEE1D0932721EF3200095EDB /* FavouriteThingsApp.swift in Sources */,
				AEE1D0A32721F5CC00095EDB /* PizzaView.swift in Sources */,
			);
			runOnlyForDeploymentPostprocessing = 0;
		};
/* End PBXSourcesBuildPhase section */

/* Begin XCBuildConfiguration section */
		AEE1D09B2721EF3300095EDB /* Debug */ = {
			isa = XCBuildConfiguration;
			buildSettings = {
				ALWAYS_SEARCH_USER_PATHS = NO;
				CLANG_ANALYZER_NONNULL = YES;
				CLANG_ANALYZER_NUMBER_OBJECT_CONVERSION = YES_AGGRESSIVE;
				CLANG_CXX_LANGUAGE_STANDARD = "gnu++17";
				CLANG_CXX_LIBRARY = "libc++";
				CLANG_ENABLE_MODULES = YES;
				CLANG_ENABLE_OBJC_ARC = YES;
				CLANG_ENABLE_OBJC_WEAK = YES;
				CLANG_WARN_BLOCK_CAPTURE_AUTORELEASING = YES;
				CLANG_WARN_BOOL_CONVERSION = YES;
				CLANG_WARN_COMMA = YES;
				CLANG_WARN_CONSTANT_CONVERSION = YES;
				CLANG_WARN_DEPRECATED_OBJC_IMPLEMENTATIONS = YES;
				CLANG_WARN_DIRECT_OBJC_ISA_USAGE = YES_ERROR;
				CLANG_WARN_DOCUMENTATION_COMMENTS = YES;
				CLANG_WARN_EMPTY_BODY = YES;
				CLANG_WARN_ENUM_CONVERSION = YES;
				CLANG_WARN_INFINITE_RECURSION = YES;
				CLANG_WARN_INT_CONVERSION = YES;
				CLANG_WARN_NON_LITERAL_NULL_CONVERSION = YES;
				CLANG_WARN_OBJC_IMPLICIT_RETAIN_SELF = YES;
				CLANG_WARN_OBJC_LITERAL_CONVERSION = YES;
				CLANG_WARN_OBJC_ROOT_CLASS = YES_ERROR;
				CLANG_WARN_QUOTED_INCLUDE_IN_FRAMEWORK_HEADER = YES;
				CLANG_WARN_RANGE_LOOP_ANALYSIS = YES;
				CLANG_WARN_STRICT_PROTOTYPES = YES;
				CLANG_WARN_SUSPICIOUS_MOVE = YES;
				CLANG_WARN_UNGUARDED_AVAILABILITY = YES_AGGRESSIVE;
				CLANG_WARN_UNREACHABLE_CODE = YES;
				CLANG_WARN__DUPLICATE_METHOD_MATCH = YES;
				COPY_PHASE_STRIP = NO;
				DEBUG_INFORMATION_FORMAT = dwarf;
				ENABLE_STRICT_OBJC_MSGSEND = YES;
				ENABLE_TESTABILITY = YES;
				GCC_C_LANGUAGE_STANDARD = gnu11;
				GCC_DYNAMIC_NO_PIC = NO;
				GCC_NO_COMMON_BLOCKS = YES;
				GCC_OPTIMIZATION_LEVEL = 0;
				GCC_PREPROCESSOR_DEFINITIONS = (
					"DEBUG=1",
					"$(inherited)",
				);
				GCC_WARN_64_TO_32_BIT_CONVERSION = YES;
				GCC_WARN_ABOUT_RETURN_TYPE = YES_ERROR;
				GCC_WARN_UNDECLARED_SELECTOR = YES;
				GCC_WARN_UNINITIALIZED_AUTOS = YES_AGGRESSIVE;
				GCC_WARN_UNUSED_FUNCTION = YES;
				GCC_WARN_UNUSED_VARIABLE = YES;
				IPHONEOS_DEPLOYMENT_TARGET = 15.0;
				MTL_ENABLE_DEBUG_INFO = INCLUDE_SOURCE;
				MTL_FAST_MATH = YES;
				ONLY_ACTIVE_ARCH = YES;
				SDKROOT = iphoneos;
				SWIFT_ACTIVE_COMPILATION_CONDITIONS = DEBUG;
				SWIFT_OPTIMIZATION_LEVEL = "-Onone";
			};
			name = Debug;
		};
		AEE1D09C2721EF3300095EDB /* Release */ = {
			isa = XCBuildConfiguration;
			buildSettings = {
				ALWAYS_SEARCH_USER_PATHS = NO;
				CLANG_ANALYZER_NONNULL = YES;
				CLANG_ANALYZER_NUMBER_OBJECT_CONVERSION = YES_AGGRESSIVE;
				CLANG_CXX_LANGUAGE_STANDARD = "gnu++17";
				CLANG_CXX_LIBRARY = "libc++";
				CLANG_ENABLE_MODULES = YES;
				CLANG_ENABLE_OBJC_ARC = YES;
				CLANG_ENABLE_OBJC_WEAK = YES;
				CLANG_WARN_BLOCK_CAPTURE_AUTORELEASING = YES;
				CLANG_WARN_BOOL_CONVERSION = YES;
				CLANG_WARN_COMMA = YES;
				CLANG_WARN_CONSTANT_CONVERSION = YES;
				CLANG_WARN_DEPRECATED_OBJC_IMPLEMENTATIONS = YES;
				CLANG_WARN_DIRECT_OBJC_ISA_USAGE = YES_ERROR;
				CLANG_WARN_DOCUMENTATION_COMMENTS = YES;
				CLANG_WARN_EMPTY_BODY = YES;
				CLANG_WARN_ENUM_CONVERSION = YES;
				CLANG_WARN_INFINITE_RECURSION = YES;
				CLANG_WARN_INT_CONVERSION = YES;
				CLANG_WARN_NON_LITERAL_NULL_CONVERSION = YES;
				CLANG_WARN_OBJC_IMPLICIT_RETAIN_SELF = YES;
				CLANG_WARN_OBJC_LITERAL_CONVERSION = YES;
				CLANG_WARN_OBJC_ROOT_CLASS = YES_ERROR;
				CLANG_WARN_QUOTED_INCLUDE_IN_FRAMEWORK_HEADER = YES;
				CLANG_WARN_RANGE_LOOP_ANALYSIS = YES;
				CLANG_WARN_STRICT_PROTOTYPES = YES;
				CLANG_WARN_SUSPICIOUS_MOVE = YES;
				CLANG_WARN_UNGUARDED_AVAILABILITY = YES_AGGRESSIVE;
				CLANG_WARN_UNREACHABLE_CODE = YES;
				CLANG_WARN__DUPLICATE_METHOD_MATCH = YES;
				COPY_PHASE_STRIP = NO;
				DEBUG_INFORMATION_FORMAT = "dwarf-with-dsym";
				ENABLE_NS_ASSERTIONS = NO;
				ENABLE_STRICT_OBJC_MSGSEND = YES;
				GCC_C_LANGUAGE_STANDARD = gnu11;
				GCC_NO_COMMON_BLOCKS = YES;
				GCC_WARN_64_TO_32_BIT_CONVERSION = YES;
				GCC_WARN_ABOUT_RETURN_TYPE = YES_ERROR;
				GCC_WARN_UNDECLARED_SELECTOR = YES;
				GCC_WARN_UNINITIALIZED_AUTOS = YES_AGGRESSIVE;
				GCC_WARN_UNUSED_FUNCTION = YES;
				GCC_WARN_UNUSED_VARIABLE = YES;
				IPHONEOS_DEPLOYMENT_TARGET = 15.0;
				MTL_ENABLE_DEBUG_INFO = NO;
				MTL_FAST_MATH = YES;
				SDKROOT = iphoneos;
				SWIFT_COMPILATION_MODE = wholemodule;
				SWIFT_OPTIMIZATION_LEVEL = "-O";
				VALIDATE_PRODUCT = YES;
			};
			name = Release;
		};
		AEE1D09E2721EF3300095EDB /* Debug */ = {
			isa = XCBuildConfiguration;
			buildSettings = {
				ASSETCATALOG_COMPILER_APPICON_NAME = AppIcon;
				ASSETCATALOG_COMPILER_GLOBAL_ACCENT_COLOR_NAME = AccentColor;
				CODE_SIGN_STYLE = Automatic;
				CURRENT_PROJECT_VERSION = 1;
				DEVELOPMENT_ASSET_PATHS = "\"FavouriteThings/Preview Content\"";
				ENABLE_PREVIEWS = YES;
				GENERATE_INFOPLIST_FILE = YES;
				INFOPLIST_KEY_UIApplicationSceneManifest_Generation = YES;
				INFOPLIST_KEY_UIApplicationSupportsIndirectInputEvents = YES;
				INFOPLIST_KEY_UILaunchScreen_Generation = YES;
				INFOPLIST_KEY_UISupportedInterfaceOrientations_iPad = "UIInterfaceOrientationPortrait UIInterfaceOrientationPortraitUpsideDown UIInterfaceOrientationLandscapeLeft UIInterfaceOrientationLandscapeRight";
				INFOPLIST_KEY_UISupportedInterfaceOrientations_iPhone = "UIInterfaceOrientationPortrait UIInterfaceOrientationLandscapeLeft UIInterfaceOrientationLandscapeRight";
				IPHONEOS_DEPLOYMENT_TARGET = 14.0;
				LD_RUNPATH_SEARCH_PATHS = (
					"$(inherited)",
					"@executable_path/Frameworks",
				);
				MARKETING_VERSION = 1.0;
				PRODUCT_BUNDLE_IDENTIFIER = ca.mateoelosua.FavouriteThings;
				PRODUCT_NAME = "$(TARGET_NAME)";
				SWIFT_EMIT_LOC_STRINGS = YES;
				SWIFT_VERSION = 5.0;
				TARGETED_DEVICE_FAMILY = "1,2";
			};
			name = Debug;
		};
		AEE1D09F2721EF3300095EDB /* Release */ = {
			isa = XCBuildConfiguration;
			buildSettings = {
				ASSETCATALOG_COMPILER_APPICON_NAME = AppIcon;
				ASSETCATALOG_COMPILER_GLOBAL_ACCENT_COLOR_NAME = AccentColor;
				CODE_SIGN_STYLE = Automatic;
				CURRENT_PROJECT_VERSION = 1;
				DEVELOPMENT_ASSET_PATHS = "\"FavouriteThings/Preview Content\"";
				ENABLE_PREVIEWS = YES;
				GENERATE_INFOPLIST_FILE = YES;
				INFOPLIST_KEY_UIApplicationSceneManifest_Generation = YES;
				INFOPLIST_KEY_UIApplicationSupportsIndirectInputEvents = YES;
				INFOPLIST_KEY_UILaunchScreen_Generation = YES;
				INFOPLIST_KEY_UISupportedInterfaceOrientations_iPad = "UIInterfaceOrientationPortrait UIInterfaceOrientationPortraitUpsideDown UIInterfaceOrientationLandscapeLeft UIInterfaceOrientationLandscapeRight";
				INFOPLIST_KEY_UISupportedInterfaceOrientations_iPhone = "UIInterfaceOrientationPortrait UIInterfaceOrientationLandscapeLeft UIInterfaceOrientationLandscapeRight";
				IPHONEOS_DEPLOYMENT_TARGET = 14.0;
				LD_RUNPATH_SEARCH_PATHS = (
					"$(inherited)",
					"@executable_path/Frameworks",
				);
				MARKETING_VERSION = 1.0;
				PRODUCT_BUNDLE_IDENTIFIER = ca.mateoelosua.FavouriteThings;
				PRODUCT_NAME = "$(TARGET_NAME)";
				SWIFT_EMIT_LOC_STRINGS = YES;
				SWIFT_VERSION = 5.0;
				TARGETED_DEVICE_FAMILY = "1,2";
			};
			name = Release;
		};
/* End XCBuildConfiguration section */

/* Begin XCConfigurationList section */
		AEE1D08A2721EF3200095EDB /* Build configuration list for PBXProject "FavouriteThings" */ = {
			isa = XCConfigurationList;
			buildConfigurations = (
				AEE1D09B2721EF3300095EDB /* Debug */,
				AEE1D09C2721EF3300095EDB /* Release */,
			);
			defaultConfigurationIsVisible = 0;
			defaultConfigurationName = Release;
		};
		AEE1D09D2721EF3300095EDB /* Build configuration list for PBXNativeTarget "FavouriteThings" */ = {
			isa = XCConfigurationList;
			buildConfigurations = (
				AEE1D09E2721EF3300095EDB /* Debug */,
				AEE1D09F2721EF3300095EDB /* Release */,
			);
			defaultConfigurationIsVisible = 0;
			defaultConfigurationName = Release;
		};
/* End XCConfigurationList section */
	};
	rootObject = AEE1D0872721EF3200095EDB /* Project object */;
}
